GEM
  remote: https://rubygems.org/
  specs:
    base64 (0.3.0)
    connection_pool (3.0.2)
    discordrb (3.8.0)
      base64 (~> 0.2)
      discordrb-webhooks (~> 3.8.0)
      ffi (>= 1.9.24)
      opus-ruby
      rest-client (>= 2.0.0)
      websocket-client-simple (>= 0.9.0)
    discordrb-webhooks (3.8.0)
      rest-client (>= 2.0.0)
    domain_name (0.6.20260907)
    dotenv (3.2.0)
    event_emitter (0.2.6)
    ffi (1.17.4-x64-mingw-ucrt)
    http-accept (1.7.0)
    http-cookie (1.1.6)
      domain_name (~> 0.5)
    logger (1.7.0)
    mime-types (3.7.0)
      logger
      mime-types-data (~> 3.2025, >= 3.2025.0507)
    mime-types-data (3.2026.0701)
    mutex_m (0.3.0)
    netrc (0.11.0)
    openai (0.90.0)
      connection_pool (>= 2.2.3)
      logger
    opus-ruby (1.0.1)
      ffi
    rest-client (2.1.0)
      http-accept (>= 1.7.0, < 2.0)
      http-cookie (>= 1.0.2, < 2.0)
      mime-types (>= 1.16, < 4.0)
      netrc (~> 0.8)
    websocket (1.2.11)
    websocket-client-simple (0.9.0)
      base64
      event_emitter
      mutex_m
      websocket

PLATFORMS
  x64-mingw-ucrt

DEPENDENCIES
  discordrb
  dotenv
  openai

CHECKSUMS
  base64 (0.3.0) sha256=27337aeabad6ffae05c265c450490628ef3ebd4b67be58257393227588f5a97b
  bundler (4.0.20) sha256=7978a8ac648767f5e635bc522445b79e80a52b907a39a36c2d8085ed6bc762ae
  connection_pool (3.0.2) sha256=33fff5ba71a12d2aa26cb72b1db8bba2a1a01823559fb01d29eb74c286e62e0a
  discordrb (3.8.0) sha256=53802e5e64aa557c566538c86f6a682f63f5da9380a23792b78f13b7a72b6f21
  discordrb-webhooks (3.8.0) sha256=20bdf1ab54a1f5d9d4774c8facc34353e728601815f6def182e5e86798500ced
  domain_name (0.6.20260907) sha256=5517a7f82c4464a61fc17133c3f6a02833faa13533c16c07e8f73b11d872cb03
  dotenv (3.2.0) sha256=e375b83121ea7ca4ce20f214740076129ab8514cd81378161f11c03853fe619d
  event_emitter (0.2.6) sha256=c72697bd5cce9d36594be1972c17f1c9a573236f44303a4d1d548080364e1391
  ffi (1.17.4-x64-mingw-ucrt) sha256=f6ff9618cfccc494138bddade27aa06c74c6c7bc367a1ea1103d80c2fcb9ed35
  http-accept (1.7.0) sha256=c626860682bfbb3b46462f8c39cd470fd7b0584f61b3cc9df5b2e9eb9972a126
  http-cookie (1.1.6) sha256=ba4b82be64de61dc281243dac70e3c382c45142f20268ed9276a3670c93feaa9
  logger (1.7.0) sha256=196edec7cc44b66cfb40f9755ce11b392f21f7967696af15d274dde7edff0203
  mime-types (3.7.0) sha256=dcebf61c246f08e15a4de34e386ebe8233791e868564a470c3fe77c00eed5e56
  mime-types-data (3.2026.0701) sha256=cd8811e1fb89d836499ba0582368a10ee74cef929ba956d1d5ddca045e6a730f
  mutex_m (0.3.0) sha256=cfcb04ac16b69c4813777022fdceda24e9f798e48092a2b817eb4c0a782b0751
  netrc (0.11.0) sha256=de1ce33da8c99ab1d97871726cba75151113f117146becbe45aa85cb3dabee3f
  openai (0.90.0) sha256=fd2c4fa8536132566b10c84fa6922a22e10b320e8882969483c0155e40ca1bcd
  opus-ruby (1.0.1) sha256=8dc808d6773a488469374cccf252808b2ad7bc7e00229a319832f0e09012ce53
  rest-client (2.1.0) sha256=35a6400bdb14fae28596618e312776c158f7ebbb0ccad752ff4fa142bf2747e3
  websocket (1.2.11) sha256=b7e7a74e2410b5e85c25858b26b3322f29161e300935f70a0e0d3c35e0462737
  websocket-client-simple (0.9.0) sha256=f9a37c5e4922b35a711e21e6d73ed1e25892efa47d183203ab2f5beb4e563109

BUNDLED WITH
  4.0.20
